{
  "version": 4,
  "terraform_version": "1.14.7",
  "serial": 28,
  "lineage": "c7e79819-3b15-09d0-7ad5-b9a5fd407ffa",
  "outputs": {
    "account_id": {
      "value": "503644381734",
      "type": "string"
    },
    "athena_named_queries": {
      "value": {
        "abnormal_events": "59751c56-ce12-44c0-bfc3-f68a8167cbe8",
        "adherence_trend": "ebf9d4c0-bfc7-4c9c-8ca1-33ef701c7113",
        "heatmap_aggregation": "20d2c88c-2599-4772-8c43-9033221fea3c",
        "sync_reliability": "788d2fbf-4b07-4b8a-a143-910891e7aac1",
        "transmission_success_rate": "7f7387bb-5bd8-4669-8135-3600165a487c"
      },
      "type": [
        "object",
        {
          "abnormal_events": "string",
          "adherence_trend": "string",
          "heatmap_aggregation": "string",
          "sync_reliability": "string",
          "transmission_success_rate": "string"
        }
      ]
    },
    "athena_workgroup": {
      "value": "rhythmcloud-dev",
      "type": "string"
    },
    "glue_crawler_name": {
      "value": "rhythmcloud-telemetry-crawler-dev",
      "type": "string"
    },
    "glue_database_name": {
      "value": "rhythmcloud_dev",
      "type": "string"
    },
    "glue_etl_job_name": {
      "value": "rhythmcloud-json-to-parquet-dev",
      "type": "string"
    },
    "parquet_bucket": {
      "value": "rhythmcloud-parquet-503644381734-dev",
      "type": "string"
    },
    "region": {
      "value": "eu-north-1",
      "type": "string"
    }
  },
  "resources": [
    {
      "mode": "data",
      "type": "aws_caller_identity",
      "name": "current",
      "provider": "provider[\"registry.terraform.io/hashicorp/aws\"]",
      "instances": [
        {
          "schema_version": 0,
          "attributes": {
            "account_id": "503644381734",
            "arn": "arn:aws:iam::503644381734:user/rhythmcloud-cli",
            "id": "503644381734",
            "user_id": "AIDAXKQ4LMITFGOLEMZQ5"
          },
          "sensitive_attributes": [],
          "identity_schema_version": 0
        }
      ]
    },
    {
      "mode": "data",
      "type": "aws_iam_policy_document",
      "name": "glue_assume",
      "provider": "provider[\"registry.terraform.io/hashicorp/aws\"]",
      "instances": [
        {
          "schema_version": 0,
          "attributes": {
            "id": "2681768870",
            "json": "{\n  \"Version\": \"2012-10-17\",\n  \"Statement\": [\n    {\n      \"Effect\": \"Allow\",\n      \"Action\": \"sts:AssumeRole\",\n      \"Principal\": {\n        \"Service\": \"glue.amazonaws.com\"\n      }\n    }\n  ]\n}",
            "minified_json": "{\"Version\":\"2012-10-17\",\"Statement\":[{\"Effect\":\"Allow\",\"Action\":\"sts:AssumeRole\",\"Principal\":{\"Service\":\"glue.amazonaws.com\"}}]}",
            "override_json": null,
            "override_policy_documents": null,
            "policy_id": null,
            "source_json": null,
            "source_policy_documents": null,
            "statement": [
              {
                "actions": [
                  "sts:AssumeRole"
                ],
                "condition": [],
                "effect": "Allow",
                "not_actions": [],
                "not_principals": [],
                "not_resources": [],
                "principals": [
                  {
                    "identifiers": [
                      "glue.amazonaws.com"
                    ],
                    "type": "Service"
                  }
                ],
                "resources": [],
                "sid": ""
              }
            ],
            "version": "2012-10-17"
          },
          "sensitive_attributes": [],
          "identity_schema_version": 0
        }
      ]
    },
    {
      "mode": "data",
      "type": "aws_region",
      "name": "current",
      "provider": "provider[\"registry.terraform.io/hashicorp/aws\"]",
      "instances": [
        {
          "schema_version": 0,
          "attributes": {
            "description": "Europe (Stockholm)",
            "endpoint": "ec2.eu-north-1.amazonaws.com",
            "id": "eu-north-1",
            "name": "eu-north-1"
          },
          "sensitive_attributes": [],
          "identity_schema_version": 0
        }
      ]
    },
    {
      "mode": "managed",
      "type": "aws_athena_named_query",
      "name": "abnormal_events",
      "provider": "provider[\"registry.terraform.io/hashicorp/aws\"]",
      "instances": [
        {
          "schema_version": 0,
          "attributes": {
            "database": "rhythmcloud_dev",
            "description": "Abnormal event counts by patient and type",
            "id": "59751c56-ce12-44c0-bfc3-f68a8167cbe8",
            "name": "rhythmcloud-abnormal-events",
            "query": "SELECT\n    patientId,\n    COUNT(*) AS total_events,\n    SUM(CASE WHEN heartRate \u003c 50 OR heartRate \u003e 130\n               OR spo2 \u003c 90\n               OR transmissionStatus = 'failed'\n         THEN 1 ELSE 0 END) AS abnormal_count,\n    ROUND(AVG(heartRate), 1) AS avg_heart_rate,\n    ROUND(AVG(spo2), 1)      AS avg_spo2\nFROM rhythmcloud_dev.events\nWHERE CAST(year AS INT) \u003e= YEAR(CURRENT_DATE - INTERVAL '7' DAY)\nGROUP BY patientId\nORDER BY abnormal_count DESC;\n",
            "workgroup": "rhythmcloud-dev"
          },
          "sensitive_attributes": [],
          "identity_schema_version": 0,
          "private": "bnVsbA==",
          "dependencies": [
            "aws_athena_workgroup.rhythmcloud",
            "aws_glue_catalog_database.rhythmcloud"
          ]
        }
      ]
    },
    {
      "mode": "managed",
      "type": "aws_athena_named_query",
      "name": "adherence_trend",
      "provider": "provider[\"registry.terraform.io/hashicorp/aws\"]",
      "instances": [
        {
          "schema_version": 0,
          "attributes": {
            "database": "rhythmcloud_dev",
            "description": "Per-patient daily adherence score with 7-day rolling average",
            "id": "ebf9d4c0-bfc7-4c9c-8ca1-33ef701c7113",
            "name": "rhythmcloud-adherence-trend",
            "query": "SELECT\n    patientId,\n    CONCAT(year, '-', month, '-', day) AS event_date,\n    COUNT(*) AS total_events,\n    COUNT(CASE WHEN transmissionStatus = 'success'\n                AND syncStatus = 'synced'\n                AND heartRate BETWEEN 50 AND 130\n                AND spo2 \u003e= 90\n           THEN 1 END) AS adherent_events,\n    ROUND(\n        100.0 * COUNT(CASE WHEN transmissionStatus = 'success'\n                           AND syncStatus = 'synced'\n                           AND heartRate BETWEEN 50 AND 130\n                           AND spo2 \u003e= 90\n                      THEN 1 END)\n        / NULLIF(COUNT(*), 0), 2\n    ) AS adherence_score_pct\nFROM rhythmcloud_dev.events\nWHERE CAST(year AS INT) \u003e= YEAR(CURRENT_DATE - INTERVAL '30' DAY)\nGROUP BY patientId, year, month, day\nORDER BY patientId, event_date DESC;\n",
            "workgroup": "rhythmcloud-dev"
          },
          "sensitive_attributes": [],
          "identity_schema_version": 0,
          "private": "bnVsbA==",
          "dependencies": [
            "aws_athena_workgroup.rhythmcloud",
            "aws_glue_catalog_database.rhythmcloud"
          ]
        }
      ]
    },
    {
      "mode": "managed",
      "type": "aws_athena_named_query",
      "name": "heatmap_aggregation",
      "provider": "provider[\"registry.terraform.io/hashicorp/aws\"]",
      "instances": [
        {
          "schema_version": 0,
          "attributes": {
            "database": "rhythmcloud_dev",
            "description": "7x7 cardiac event heatmap by day of week and 3-hour bucket",
            "id": "20d2c88c-2599-4772-8c43-9033221fea3c",
            "name": "rhythmcloud-heatmap-aggregation",
            "query": "SELECT\n    DATE_FORMAT(DATE_PARSE(CONCAT(year,'-',month,'-',day),'%Y-%m-%d'), '%a') AS day_of_week,\n    CASE\n        WHEN CAST(hour AS INT) BETWEEN 0  AND 2  THEN '00'\n        WHEN CAST(hour AS INT) BETWEEN 3  AND 5  THEN '03'\n        WHEN CAST(hour AS INT) BETWEEN 6  AND 8  THEN '06'\n        WHEN CAST(hour AS INT) BETWEEN 9  AND 11 THEN '09'\n        WHEN CAST(hour AS INT) BETWEEN 12 AND 14 THEN '12'\n        WHEN CAST(hour AS INT) BETWEEN 15 AND 17 THEN '15'\n        ELSE '18'\n    END AS time_bucket,\n    COUNT(*) AS total_events,\n    SUM(CASE WHEN heartRate \u003c 50 OR heartRate \u003e 130 OR spo2 \u003c 90\n         THEN 1 ELSE 0 END) AS abnormal_events\nFROM rhythmcloud_dev.events\nWHERE CAST(year AS INT) \u003e= YEAR(CURRENT_DATE - INTERVAL '30' DAY)\nGROUP BY 1, 2\nORDER BY 1, 2;\n",
            "workgroup": "rhythmcloud-dev"
          },
          "sensitive_attributes": [],
          "identity_schema_version": 0,
          "private": "bnVsbA==",
          "dependencies": [
            "aws_athena_workgroup.rhythmcloud",
            "aws_glue_catalog_database.rhythmcloud"
          ]
        }
      ]
    },
    {
      "mode": "managed",
      "type": "aws_athena_named_query",
      "name": "sync_reliability",
      "provider": "provider[\"registry.terraform.io/hashicorp/aws\"]",
      "instances": [
        {
          "schema_version": 0,
          "attributes": {
            "database": "rhythmcloud_dev",
            "description": "Device health status, signal quality and failure patterns",
            "id": "788d2fbf-4b07-4b8a-a143-910891e7aac1",
            "name": "rhythmcloud-sync-reliability",
            "query": "SELECT\n    deviceId,\n    patientId,\n    CONCAT(year, '-', month, '-', day) AS event_date,\n    COUNT(*) AS total_events,\n    COUNT(CASE WHEN syncStatus = 'synced' THEN 1 END) AS synced_count,\n    COUNT(CASE WHEN syncStatus = 'failed' THEN 1 END) AS sync_failed_count,\n    ROUND(\n        100.0 * COUNT(CASE WHEN syncStatus = 'synced' THEN 1 END)\n        / NULLIF(COUNT(*), 0), 2\n    ) AS sync_reliability_pct,\n    ROUND(AVG(signalStrength), 1) AS avg_signal_dbm,\n    ROUND(AVG(batteryLevel),  1) AS avg_battery_pct\nFROM rhythmcloud_dev.events\nWHERE CAST(year AS INT) \u003e= YEAR(CURRENT_DATE - INTERVAL '7' DAY)\nGROUP BY deviceId, patientId, year, month, day\nORDER BY sync_reliability_pct ASC;\n",
            "workgroup": "rhythmcloud-dev"
          },
          "sensitive_attributes": [],
          "identity_schema_version": 0,
          "private": "bnVsbA==",
          "dependencies": [
            "aws_athena_workgroup.rhythmcloud",
            "aws_glue_catalog_database.rhythmcloud"
          ]
        }
      ]
    },
    {
      "mode": "managed",
      "type": "aws_athena_named_query",
      "name": "transmission_success_rate",
      "provider": "provider[\"registry.terraform.io/hashicorp/aws\"]",
      "instances": [
        {
          "schema_version": 0,
          "attributes": {
            "database": "rhythmcloud_dev",
            "description": "Daily transmission success rate with 7-day rolling average",
            "id": "7f7387bb-5bd8-4669-8135-3600165a487c",
            "name": "rhythmcloud-transmission-success-rate",
            "query": "SELECT\n    CONCAT(year, '-', month, '-', day)   AS event_date,\n    COUNT(*)                              AS total_events,\n    COUNT(CASE WHEN transmissionStatus = 'success' THEN 1 END) AS successful,\n    COUNT(CASE WHEN transmissionStatus = 'failed'  THEN 1 END) AS failed,\n    ROUND(\n        100.0 * COUNT(CASE WHEN transmissionStatus = 'success' THEN 1 END)\n        / NULLIF(COUNT(*), 0), 2\n    ) AS success_rate_pct\nFROM rhythmcloud_dev.events\nWHERE CAST(year AS INT) \u003e= YEAR(CURRENT_DATE - INTERVAL '30' DAY)\nGROUP BY year, month, day\nORDER BY event_date DESC;\n",
            "workgroup": "rhythmcloud-dev"
          },
          "sensitive_attributes": [],
          "identity_schema_version": 0,
          "private": "bnVsbA==",
          "dependencies": [
            "aws_athena_workgroup.rhythmcloud",
            "aws_glue_catalog_database.rhythmcloud"
          ]
        }
      ]
    },
    {
      "mode": "managed",
      "type": "aws_athena_workgroup",
      "name": "rhythmcloud",
      "provider": "provider[\"registry.terraform.io/hashicorp/aws\"]",
      "instances": [
        {
          "schema_version": 0,
          "attributes": {
            "arn": "arn:aws:athena:eu-north-1:503644381734:workgroup/rhythmcloud-dev",
            "configuration": [
              {
                "bytes_scanned_cutoff_per_query": 1073741824,
                "enforce_workgroup_configuration": true,
                "engine_version": [
                  {
                    "effective_engine_version": "Athena engine version 3",
                    "selected_engine_version": "AUTO"
                  }
                ],
                "execution_role": "",
                "publish_cloudwatch_metrics_enabled": true,
                "requester_pays_enabled": false,
                "result_configuration": [
                  {
                    "acl_configuration": [],
                    "encryption_configuration": [
                      {
                        "encryption_option": "SSE_S3",
                        "kms_key_arn": ""
                      }
                    ],
                    "expected_bucket_owner": "",
                    "output_location": "s3://rhythmcloud-raw-events-503644381734-dev/athena-results/"
                  }
                ]
              }
            ],
            "description": "RhythmCloud Athena workgroup — dev",
            "force_destroy": false,
            "id": "rhythmcloud-dev",
            "name": "rhythmcloud-dev",
            "state": "ENABLED",
            "tags": {
              "Environment": "dev",
              "ManagedBy": "terraform",
              "Project": "rhythmcloud",
              "Repository": "Cloud-Based-Remote-Patient-Monitoring-Platform---AWS-Serverless-Project"
            },
            "tags_all": {
              "Environment": "dev",
              "ManagedBy": "terraform",
              "Project": "rhythmcloud",
              "Repository": "Cloud-Based-Remote-Patient-Monitoring-Platform---AWS-Serverless-Project"
            }
          },
          "sensitive_attributes": [],
          "identity_schema_version": 0,
          "private": "bnVsbA=="
        }
      ]
    },
    {
      "mode": "managed",
      "type": "aws_glue_catalog_database",
      "name": "rhythmcloud",
      "provider": "provider[\"registry.terraform.io/hashicorp/aws\"]",
      "instances": [
        {
          "schema_version": 0,
          "attributes": {
            "arn": "arn:aws:glue:eu-north-1:503644381734:database/rhythmcloud_dev",
            "catalog_id": "503644381734",
            "create_table_default_permission": [
              {
                "permissions": [
                  "ALL"
                ],
                "principal": [
                  {
                    "data_lake_principal_identifier": "IAM_ALLOWED_PRINCIPALS"
                  }
                ]
              }
            ],
            "description": "RhythmCloud cardiac telemetry data catalog — dev",
            "federated_database": [],
            "id": "503644381734:rhythmcloud_dev",
            "location_uri": "",
            "name": "rhythmcloud_dev",
            "parameters": {},
            "tags": {
              "Environment": "dev",
              "ManagedBy": "terraform",
              "Project": "rhythmcloud",
              "Repository": "Cloud-Based-Remote-Patient-Monitoring-Platform---AWS-Serverless-Project"
            },
            "tags_all": {
              "Environment": "dev",
              "ManagedBy": "terraform",
              "Project": "rhythmcloud",
              "Repository": "Cloud-Based-Remote-Patient-Monitoring-Platform---AWS-Serverless-Project"
            },
            "target_database": []
          },
          "sensitive_attributes": [],
          "identity_schema_version": 0,
          "private": "bnVsbA=="
        }
      ]
    },
    {
      "mode": "managed",
      "type": "aws_glue_crawler",
      "name": "telemetry",
      "provider": "provider[\"registry.terraform.io/hashicorp/aws\"]",
      "instances": [
        {
          "schema_version": 0,
          "attributes": {
            "arn": "arn:aws:glue:eu-north-1:503644381734:crawler/rhythmcloud-telemetry-crawler-dev",
            "catalog_target": [],
            "classifiers": [],
            "configuration": "{\"Version\":1.0,\"CrawlerOutput\":{\"Partitions\":{\"AddOrUpdateBehavior\":\"InheritFromTable\"}},\"Grouping\":{\"TableGroupingPolicy\":\"CombineCompatibleSchemas\"}}",
            "database_name": "rhythmcloud_dev",
            "delta_target": [],
            "description": "Crawls raw cardiac telemetry events from S3",
            "dynamodb_target": [],
            "hudi_target": [],
            "iceberg_target": [],
            "id": "rhythmcloud-telemetry-crawler-dev",
            "jdbc_target": [],
            "lake_formation_configuration": [
              {
                "account_id": "",
                "use_lake_formation_credentials": false
              }
            ],
            "lineage_configuration": [
              {
                "crawler_lineage_settings": "DISABLE"
              }
            ],
            "mongodb_target": [],
            "name": "rhythmcloud-telemetry-crawler-dev",
            "recrawl_policy": [
              {
                "recrawl_behavior": "CRAWL_EVERYTHING"
              }
            ],
            "role": "rhythmcloud-glue-role-dev",
            "s3_target": [
              {
                "connection_name": "",
                "dlq_event_queue_arn": "",
                "event_queue_arn": "",
                "exclusions": [],
                "path": "s3://rhythmcloud-raw-events-503644381734-dev/events/",
                "sample_size": 0
              }
            ],
            "schedule": "cron(0 2 * * ? *)",
            "schema_change_policy": [
              {
                "delete_behavior": "LOG",
                "update_behavior": "UPDATE_IN_DATABASE"
              }
            ],
            "security_configuration": "",
            "table_prefix": "",
            "tags": {
              "Environment": "dev",
              "ManagedBy": "terraform",
              "Project": "rhythmcloud",
              "Repository": "Cloud-Based-Remote-Patient-Monitoring-Platform---AWS-Serverless-Project"
            },
            "tags_all": {
              "Environment": "dev",
              "ManagedBy": "terraform",
              "Project": "rhythmcloud",
              "Repository": "Cloud-Based-Remote-Patient-Monitoring-Platform---AWS-Serverless-Project"
            }
          },
          "sensitive_attributes": [],
          "identity_schema_version": 0,
          "private": "bnVsbA==",
          "dependencies": [
            "aws_glue_catalog_database.rhythmcloud",
            "aws_iam_role.glue",
            "data.aws_iam_policy_document.glue_assume"
          ]
        }
      ]
    },
    {
      "mode": "managed",
      "type": "aws_glue_job",
      "name": "json_to_parquet",
      "provider": "provider[\"registry.terraform.io/hashicorp/aws\"]",
      "instances": [
        {
          "schema_version": 0,
          "attributes": {
            "arn": "arn:aws:glue:eu-north-1:503644381734:job/rhythmcloud-json-to-parquet-dev",
            "command": [
              {
                "name": "glueetl",
                "python_version": "3",
                "runtime": "",
                "script_location": "s3://rhythmcloud-raw-events-503644381734-dev/glue-scripts/json_to_parquet.py"
              }
            ],
            "connections": [],
            "default_arguments": {
              "--ENVIRONMENT": "dev",
              "--GLUE_DATABASE": "rhythmcloud_dev",
              "--SOURCE_BUCKET": "rhythmcloud-raw-events-503644381734-dev",
              "--TARGET_BUCKET": "rhythmcloud-parquet-503644381734-dev",
              "--TempDir": "s3://rhythmcloud-raw-events-503644381734-dev/glue-temp/",
              "--enable-continuous-cloudwatch-log": "true",
              "--enable-metrics": "true",
              "--job-bookmark-option": "job-bookmark-enable",
              "--job-language": "python"
            },
            "description": "Converts raw JSON telemetry events to Parquet for Athena",
            "execution_class": "",
            "execution_property": [
              {
                "max_concurrent_runs": 1
              }
            ],
            "glue_version": "4.0",
            "id": "rhythmcloud-json-to-parquet-dev",
            "job_run_queuing_enabled": false,
            "maintenance_window": "",
            "max_capacity": 2,
            "max_retries": 0,
            "name": "rhythmcloud-json-to-parquet-dev",
            "non_overridable_arguments": {},
            "notification_property": [],
            "number_of_workers": 2,
            "role_arn": "arn:aws:iam::503644381734:role/rhythmcloud-glue-role-dev",
            "security_configuration": "",
            "source_control_details": [],
            "tags": {
              "Environment": "dev",
              "ManagedBy": "terraform",
              "Project": "rhythmcloud",
              "Repository": "Cloud-Based-Remote-Patient-Monitoring-Platform---AWS-Serverless-Project"
            },
            "tags_all": {
              "Environment": "dev",
              "ManagedBy": "terraform",
              "Project": "rhythmcloud",
              "Repository": "Cloud-Based-Remote-Patient-Monitoring-Platform---AWS-Serverless-Project"
            },
            "timeout": 2880,
            "worker_type": "G.1X"
          },
          "sensitive_attributes": [],
          "identity_schema_version": 0,
          "private": "bnVsbA==",
          "dependencies": [
            "aws_glue_catalog_database.rhythmcloud",
            "aws_iam_role.glue",
            "aws_s3_bucket.parquet",
            "data.aws_caller_identity.current",
            "data.aws_iam_policy_document.glue_assume"
          ]
        }
      ]
    },
    {
      "mode": "managed",
      "type": "aws_iam_role",
      "name": "glue",
      "provider": "provider[\"registry.terraform.io/hashicorp/aws\"]",
      "instances": [
        {
          "schema_version": 0,
          "attributes": {
            "arn": "arn:aws:iam::503644381734:role/rhythmcloud-glue-role-dev",
            "assume_role_policy": "{\"Statement\":[{\"Action\":\"sts:AssumeRole\",\"Effect\":\"Allow\",\"Principal\":{\"Service\":\"glue.amazonaws.com\"}}],\"Version\":\"2012-10-17\"}",
            "create_date": "2026-03-21T18:39:54Z",
            "description": "",
            "force_detach_policies": false,
            "id": "rhythmcloud-glue-role-dev",
            "inline_policy": [
              {
                "name": "rhythmcloud-glue-s3-dev",
                "policy": "{\"Version\":\"2012-10-17\",\"Statement\":[{\"Action\":[\"s3:GetObject\",\"s3:ListBucket\",\"s3:GetBucketLocation\"],\"Effect\":\"Allow\",\"Resource\":[\"arn:aws:s3:::rhythmcloud-raw-events-503644381734-dev\",\"arn:aws:s3:::rhythmcloud-raw-events-503644381734-dev/*\"],\"Sid\":\"ReadRawEvents\"},{\"Action\":[\"s3:PutObject\",\"s3:GetObject\",\"s3:DeleteObject\",\"s3:ListBucket\"],\"Effect\":\"Allow\",\"Resource\":[\"arn:aws:s3:::rhythmcloud-parquet-503644381734-dev\",\"arn:aws:s3:::rhythmcloud-parquet-503644381734-dev/*\"],\"Sid\":\"WriteParquet\"},{\"Action\":[\"s3:PutObject\",\"s3:GetObject\",\"s3:ListBucket\"],\"Effect\":\"Allow\",\"Resource\":[\"arn:aws:s3:::rhythmcloud-raw-events-503644381734-dev\",\"arn:aws:s3:::rhythmcloud-raw-events-503644381734-dev/*\"],\"Sid\":\"WriteAthenaResults\"}]}"
              }
            ],
            "managed_policy_arns": [
              "arn:aws:iam::aws:policy/service-role/AWSGlueServiceRole"
            ],
            "max_session_duration": 3600,
            "name": "rhythmcloud-glue-role-dev",
            "name_prefix": "",
            "path": "/",
            "permissions_boundary": "",
            "tags": {
              "Environment": "dev",
              "ManagedBy": "terraform",
              "Project": "rhythmcloud",
              "Repository": "Cloud-Based-Remote-Patient-Monitoring-Platform---AWS-Serverless-Project"
            },
            "tags_all": {
              "Environment": "dev",
              "ManagedBy": "terraform",
              "Project": "rhythmcloud",
              "Repository": "Cloud-Based-Remote-Patient-Monitoring-Platform---AWS-Serverless-Project"
            },
            "unique_id": "AROAXKQ4LMITD7VISSHIX"
          },
          "sensitive_attributes": [],
          "identity_schema_version": 0,
          "private": "bnVsbA==",
          "dependencies": [
            "data.aws_iam_policy_document.glue_assume"
          ]
        }
      ]
    },
    {
      "mode": "managed",
      "type": "aws_iam_role_policy",
      "name": "glue_s3",
      "provider": "provider[\"registry.terraform.io/hashicorp/aws\"]",
      "instances": [
        {
          "schema_version": 0,
          "attributes": {
            "id": "rhythmcloud-glue-role-dev:rhythmcloud-glue-s3-dev",
            "name": "rhythmcloud-glue-s3-dev",
            "name_prefix": "",
            "policy": "{\"Version\":\"2012-10-17\",\"Statement\":[{\"Action\":[\"s3:GetObject\",\"s3:ListBucket\",\"s3:GetBucketLocation\"],\"Effect\":\"Allow\",\"Resource\":[\"arn:aws:s3:::rhythmcloud-raw-events-503644381734-dev\",\"arn:aws:s3:::rhythmcloud-raw-events-503644381734-dev/*\"],\"Sid\":\"ReadRawEvents\"},{\"Action\":[\"s3:PutObject\",\"s3:GetObject\",\"s3:DeleteObject\",\"s3:ListBucket\"],\"Effect\":\"Allow\",\"Resource\":[\"arn:aws:s3:::rhythmcloud-parquet-503644381734-dev\",\"arn:aws:s3:::rhythmcloud-parquet-503644381734-dev/*\"],\"Sid\":\"WriteParquet\"},{\"Action\":[\"s3:PutObject\",\"s3:GetObject\",\"s3:ListBucket\"],\"Effect\":\"Allow\",\"Resource\":[\"arn:aws:s3:::rhythmcloud-raw-events-503644381734-dev\",\"arn:aws:s3:::rhythmcloud-raw-events-503644381734-dev/*\"],\"Sid\":\"WriteAthenaResults\"}]}",
            "role": "rhythmcloud-glue-role-dev"
          },
          "sensitive_attributes": [],
          "identity_schema_version": 0,
          "private": "bnVsbA==",
          "dependencies": [
            "aws_iam_role.glue",
            "aws_s3_bucket.parquet",
            "data.aws_caller_identity.current",
            "data.aws_iam_policy_document.glue_assume"
          ]
        }
      ]
    },
    {
      "mode": "managed",
      "type": "aws_iam_role_policy_attachment",
      "name": "glue_service",
      "provider": "provider[\"registry.terraform.io/hashicorp/aws\"]",
      "instances": [
        {
          "schema_version": 0,
          "attributes": {
            "id": "rhythmcloud-glue-role-dev-20260321183954724900000001",
            "policy_arn": "arn:aws:iam::aws:policy/service-role/AWSGlueServiceRole",
            "role": "rhythmcloud-glue-role-dev"
          },
          "sensitive_attributes": [],
          "identity_schema_version": 0,
          "private": "bnVsbA==",
          "dependencies": [
            "aws_iam_role.glue",
            "data.aws_iam_policy_document.glue_assume"
          ]
        }
      ]
    },
    {
      "mode": "managed",
      "type": "aws_lakeformation_data_lake_settings",
      "name": "admin",
      "provider": "provider[\"registry.terraform.io/hashicorp/aws\"]",
      "instances": [
        {
          "schema_version": 0,
          "attributes": {
            "admins": [
              "arn:aws:iam::503644381734:user/rhythmcloud-cli"
            ],
            "allow_external_data_filtering": false,
            "allow_full_table_external_data_access": false,
            "authorized_session_tag_value_list": [],
            "catalog_id": null,
            "create_database_default_permissions": [],
            "create_table_default_permissions": [],
            "external_data_filtering_allow_list": [],
            "id": "3036193291",
            "parameters": {
              "CROSS_ACCOUNT_VERSION": "4",
              "SET_CONTEXT": "TRUE"
            },
            "read_only_admins": [],
            "trusted_resource_owners": []
          },
          "sensitive_attributes": [],
          "identity_schema_version": 0,
          "private": "bnVsbA=="
        }
      ]
    },
    {
      "mode": "managed",
      "type": "aws_lakeformation_permissions",
      "name": "admin_full",
      "provider": "provider[\"registry.terraform.io/hashicorp/aws\"]",
      "instances": [
        {
          "schema_version": 0,
          "attributes": {
            "catalog_id": null,
            "catalog_resource": false,
            "data_cells_filter": [],
            "data_location": [],
            "database": [],
            "id": "1146949404",
            "lf_tag": [],
            "lf_tag_policy": [],
            "permissions": [
              "DESCRIBE",
              "SELECT"
            ],
            "permissions_with_grant_option": [
              "ALL",
              "ALTER",
              "DELETE",
              "DESCRIBE",
              "DROP",
              "INSERT",
              "SELECT"
            ],
            "principal": "arn:aws:iam::503644381734:user/rhythmcloud-cli",
            "table": [
              {
                "catalog_id": "503644381734",
                "database_name": "rhythmcloud_dev",
                "name": "",
                "wildcard": true
              }
            ],
            "table_with_columns": []
          },
          "sensitive_attributes": [],
          "identity_schema_version": 0,
          "private": "bnVsbA==",
          "dependencies": [
            "aws_glue_catalog_database.rhythmcloud",
            "aws_lakeformation_data_lake_settings.admin"
          ]
        }
      ]
    },
    {
      "mode": "managed",
      "type": "aws_lakeformation_permissions",
      "name": "glue_all_tables",
      "provider": "provider[\"registry.terraform.io/hashicorp/aws\"]",
      "instances": [
        {
          "schema_version": 0,
          "attributes": {
            "catalog_id": null,
            "catalog_resource": false,
            "data_cells_filter": [],
            "data_location": [],
            "database": [],
            "id": "3917263036",
            "lf_tag": [],
            "lf_tag_policy": [],
            "permissions": [
              "ALTER",
              "DELETE",
              "DESCRIBE",
              "INSERT",
              "SELECT"
            ],
            "permissions_with_grant_option": [],
            "principal": "arn:aws:iam::503644381734:role/rhythmcloud-glue-role-dev",
            "table": [
              {
                "catalog_id": "503644381734",
                "database_name": "rhythmcloud_dev",
                "name": "",
                "wildcard": true
              }
            ],
            "table_with_columns": []
          },
          "sensitive_attributes": [],
          "identity_schema_version": 0,
          "private": "bnVsbA==",
          "dependencies": [
            "aws_glue_catalog_database.rhythmcloud",
            "aws_iam_role.glue",
            "aws_lakeformation_data_lake_settings.admin",
            "data.aws_iam_policy_document.glue_assume"
          ]
        }
      ]
    },
    {
      "mode": "managed",
      "type": "aws_lakeformation_permissions",
      "name": "glue_database",
      "provider": "provider[\"registry.terraform.io/hashicorp/aws\"]",
      "instances": [
        {
          "schema_version": 0,
          "attributes": {
            "catalog_id": null,
            "catalog_resource": false,
            "data_cells_filter": [],
            "data_location": [],
            "database": [
              {
                "catalog_id": "503644381734",
                "name": "rhythmcloud_dev"
              }
            ],
            "id": "1469266238",
            "lf_tag": [],
            "lf_tag_policy": [],
            "permissions": [
              "CREATE_TABLE",
              "DESCRIBE"
            ],
            "permissions_with_grant_option": [],
            "principal": "arn:aws:iam::503644381734:role/rhythmcloud-glue-role-dev",
            "table": [],
            "table_with_columns": []
          },
          "sensitive_attributes": [],
          "identity_schema_version": 0,
          "private": "bnVsbA==",
          "dependencies": [
            "aws_glue_catalog_database.rhythmcloud",
            "aws_iam_role.glue",
            "aws_lakeformation_data_lake_settings.admin",
            "data.aws_iam_policy_document.glue_assume"
          ]
        }
      ]
    },
    {
      "mode": "managed",
      "type": "aws_lakeformation_permissions",
      "name": "glue_raw_events_location",
      "provider": "provider[\"registry.terraform.io/hashicorp/aws\"]",
      "instances": [
        {
          "schema_version": 0,
          "attributes": {
            "catalog_id": null,
            "catalog_resource": false,
            "data_cells_filter": [],
            "data_location": [
              {
                "arn": "arn:aws:s3:::rhythmcloud-raw-events-503644381734-dev",
                "catalog_id": "503644381734"
              }
            ],
            "database": [],
            "id": "63498107",
            "lf_tag": [],
            "lf_tag_policy": [],
            "permissions": [
              "DATA_LOCATION_ACCESS"
            ],
            "permissions_with_grant_option": [],
            "principal": "arn:aws:iam::503644381734:role/rhythmcloud-glue-role-dev",
            "table": [],
            "table_with_columns": []
          },
          "sensitive_attributes": [],
          "identity_schema_version": 0,
          "private": "bnVsbA==",
          "dependencies": [
            "aws_iam_role.glue",
            "aws_lakeformation_data_lake_settings.admin",
            "data.aws_iam_policy_document.glue_assume"
          ]
        }
      ]
    },
    {
      "mode": "managed",
      "type": "aws_lakeformation_resource",
      "name": "parquet",
      "provider": "provider[\"registry.terraform.io/hashicorp/aws\"]",
      "instances": [
        {
          "schema_version": 0,
          "attributes": {
            "arn": "arn:aws:s3:::rhythmcloud-parquet-503644381734-dev",
            "hybrid_access_enabled": false,
            "id": "arn:aws:s3:::rhythmcloud-parquet-503644381734-dev",
            "last_modified": null,
            "role_arn": "arn:aws:iam::503644381734:role/rhythmcloud-glue-role-dev",
            "use_service_linked_role": null,
            "with_federation": false
          },
          "sensitive_attributes": [],
          "identity_schema_version": 0,
          "private": "bnVsbA==",
          "dependencies": [
            "aws_iam_role.glue",
            "aws_lakeformation_data_lake_settings.admin",
            "aws_s3_bucket.parquet",
            "data.aws_caller_identity.current",
            "data.aws_iam_policy_document.glue_assume"
          ]
        }
      ]
    },
    {
      "mode": "managed",
      "type": "aws_lakeformation_resource",
      "name": "raw_events",
      "provider": "provider[\"registry.terraform.io/hashicorp/aws\"]",
      "instances": [
        {
          "schema_version": 0,
          "attributes": {
            "arn": "arn:aws:s3:::rhythmcloud-raw-events-503644381734-dev",
            "hybrid_access_enabled": false,
            "id": "arn:aws:s3:::rhythmcloud-raw-events-503644381734-dev",
            "last_modified": null,
            "role_arn": "arn:aws:iam::503644381734:role/rhythmcloud-glue-role-dev",
            "use_service_linked_role": null,
            "with_federation": false
          },
          "sensitive_attributes": [],
          "identity_schema_version": 0,
          "private": "bnVsbA==",
          "dependencies": [
            "aws_iam_role.glue",
            "aws_lakeformation_data_lake_settings.admin",
            "data.aws_iam_policy_document.glue_assume"
          ]
        }
      ]
    },
    {
      "mode": "managed",
      "type": "aws_s3_bucket",
      "name": "parquet",
      "provider": "provider[\"registry.terraform.io/hashicorp/aws\"]",
      "instances": [
        {
          "schema_version": 0,
          "attributes": {
            "acceleration_status": "",
            "acl": null,
            "arn": "arn:aws:s3:::rhythmcloud-parquet-503644381734-dev",
            "bucket": "rhythmcloud-parquet-503644381734-dev",
            "bucket_domain_name": "rhythmcloud-parquet-503644381734-dev.s3.amazonaws.com",
            "bucket_prefix": "",
            "bucket_regional_domain_name": "rhythmcloud-parquet-503644381734-dev.s3.eu-north-1.amazonaws.com",
            "cors_rule": [],
            "force_destroy": true,
            "grant": [
              {
                "id": "f738230b2e6679ed85b458f2bda8beec30c974f3b58dd1180a1ba3c0313c317f",
                "permissions": [
                  "FULL_CONTROL"
                ],
                "type": "CanonicalUser",
                "uri": ""
              }
            ],
            "hosted_zone_id": "Z3BAZG2TWCNX0D",
            "id": "rhythmcloud-parquet-503644381734-dev",
            "lifecycle_rule": [],
            "logging": [],
            "object_lock_configuration": [],
            "object_lock_enabled": false,
            "policy": "",
            "region": "eu-north-1",
            "replication_configuration": [],
            "request_payer": "BucketOwner",
            "server_side_encryption_configuration": [
              {
                "rule": [
                  {
                    "apply_server_side_encryption_by_default": [
                      {
                        "kms_master_key_id": "",
                        "sse_algorithm": "AES256"
                      }
                    ],
                    "bucket_key_enabled": false
                  }
                ]
              }
            ],
            "tags": {
              "Environment": "dev",
              "ManagedBy": "terraform",
              "Project": "rhythmcloud",
              "Repository": "Cloud-Based-Remote-Patient-Monitoring-Platform---AWS-Serverless-Project"
            },
            "tags_all": {
              "Environment": "dev",
              "ManagedBy": "terraform",
              "Project": "rhythmcloud",
              "Repository": "Cloud-Based-Remote-Patient-Monitoring-Platform---AWS-Serverless-Project"
            },
            "timeouts": null,
            "versioning": [
              {
                "enabled": true,
                "mfa_delete": false
              }
            ],
            "website": [],
            "website_domain": null,
            "website_endpoint": null
          },
          "sensitive_attributes": [],
          "identity_schema_version": 0,
          "private": "eyJlMmJmYjczMC1lY2FhLTExZTYtOGY4OC0zNDM2M2JjN2M0YzAiOnsiY3JlYXRlIjoxMjAwMDAwMDAwMDAwLCJkZWxldGUiOjM2MDAwMDAwMDAwMDAsInJlYWQiOjEyMDAwMDAwMDAwMDAsInVwZGF0ZSI6MTIwMDAwMDAwMDAwMH19",
          "dependencies": [
            "data.aws_caller_identity.current"
          ]
        }
      ]
    },
    {
      "mode": "managed",
      "type": "aws_s3_bucket_public_access_block",
      "name": "parquet",
      "provider": "provider[\"registry.terraform.io/hashicorp/aws\"]",
      "instances": [
        {
          "schema_version": 0,
          "attributes": {
            "block_public_acls": true,
            "block_public_policy": true,
            "bucket": "rhythmcloud-parquet-503644381734-dev",
            "id": "rhythmcloud-parquet-503644381734-dev",
            "ignore_public_acls": true,
            "restrict_public_buckets": true
          },
          "sensitive_attributes": [],
          "identity_schema_version": 0,
          "private": "bnVsbA==",
          "dependencies": [
            "aws_s3_bucket.parquet",
            "data.aws_caller_identity.current"
          ]
        }
      ]
    },
    {
      "mode": "managed",
      "type": "aws_s3_bucket_server_side_encryption_configuration",
      "name": "parquet",
      "provider": "provider[\"registry.terraform.io/hashicorp/aws\"]",
      "instances": [
        {
          "schema_version": 0,
          "attributes": {
            "bucket": "rhythmcloud-parquet-503644381734-dev",
            "expected_bucket_owner": "",
            "id": "rhythmcloud-parquet-503644381734-dev",
            "rule": [
              {
                "apply_server_side_encryption_by_default": [
                  {
                    "kms_master_key_id": "",
                    "sse_algorithm": "AES256"
                  }
                ],
                "bucket_key_enabled": false
              }
            ]
          },
          "sensitive_attributes": [],
          "identity_schema_version": 0,
          "private": "bnVsbA==",
          "dependencies": [
            "aws_s3_bucket.parquet",
            "data.aws_caller_identity.current"
          ]
        }
      ]
    },
    {
      "mode": "managed",
      "type": "aws_s3_bucket_versioning",
      "name": "parquet",
      "provider": "provider[\"registry.terraform.io/hashicorp/aws\"]",
      "instances": [
        {
          "schema_version": 0,
          "attributes": {
            "bucket": "rhythmcloud-parquet-503644381734-dev",
            "expected_bucket_owner": "",
            "id": "rhythmcloud-parquet-503644381734-dev",
            "mfa": null,
            "versioning_configuration": [
              {
                "mfa_delete": "",
                "status": "Enabled"
              }
            ]
          },
          "sensitive_attributes": [],
          "identity_schema_version": 0,
          "private": "bnVsbA==",
          "dependencies": [
            "aws_s3_bucket.parquet",
            "data.aws_caller_identity.current"
          ]
        }
      ]
    },
    {
      "mode": "managed",
      "type": "aws_s3_object",
      "name": "etl_script",
      "provider": "provider[\"registry.terraform.io/hashicorp/aws\"]",
      "instances": [
        {
          "schema_version": 0,
          "attributes": {
            "acl": null,
            "arn": "arn:aws:s3:::rhythmcloud-raw-events-503644381734-dev/glue-scripts/json_to_parquet.py",
            "bucket": "rhythmcloud-raw-events-503644381734-dev",
            "bucket_key_enabled": false,
            "cache_control": "",
            "checksum_algorithm": null,
            "checksum_crc32": "",
            "checksum_crc32c": "",
            "checksum_crc64nvme": "",
            "checksum_sha1": "",
            "checksum_sha256": "",
            "content": "import sys\nfrom awsglue.transforms import *\nfrom awsglue.utils import getResolvedOptions\nfrom pyspark.context import SparkContext\nfrom awsglue.context import GlueContext\nfrom awsglue.job import Job\nfrom awsglue.dynamicframe import DynamicFrame\nfrom pyspark.sql.functions import col, year, month, dayofmonth, hour\n\nargs = getResolvedOptions(sys.argv, [\n    'JOB_NAME', 'SOURCE_BUCKET', 'TARGET_BUCKET',\n    'GLUE_DATABASE', 'ENVIRONMENT'\n])\n\nsc      = SparkContext()\nglueCtx = GlueContext(sc)\nspark   = glueCtx.spark_session\njob     = Job(glueCtx)\njob.init(args['JOB_NAME'], args)\n\nsource_path = f\"s3://{args['SOURCE_BUCKET']}/events/\"\ntarget_path = f\"s3://{args['TARGET_BUCKET']}/events/\"\n\ndyf = glueCtx.create_dynamic_frame.from_options(\n    connection_type = \"s3\",\n    connection_options = {\n        \"paths\": [source_path],\n        \"recurse\": True,\n        \"groupFiles\": \"inPartition\",\n        \"groupSize\": \"104857600\"\n    },\n    format = \"json\",\n    transformation_ctx = \"read_json\"\n)\n\nif dyf.count() == 0:\n    job.commit()\n    raise SystemExit(0)\n\ndf = dyf.toDF()\n\ndf_typed = (df\n    .withColumn(\"heartRate\",      col(\"heartRate\").cast(\"double\"))\n    .withColumn(\"spo2\",           col(\"spo2\").cast(\"double\"))\n    .withColumn(\"systolicBP\",     col(\"systolicBP\").cast(\"double\"))\n    .withColumn(\"diastolicBP\",    col(\"diastolicBP\").cast(\"double\"))\n    .withColumn(\"batteryLevel\",   col(\"batteryLevel\").cast(\"double\"))\n    .withColumn(\"signalStrength\", col(\"signalStrength\").cast(\"double\"))\n)\n\ndyf_out = DynamicFrame.fromDF(df_typed, glueCtx, \"typed\")\n\nsink = glueCtx.getSink(\n    path                    = target_path,\n    connection_type         = \"s3\",\n    updateBehavior          = \"UPDATE_IN_DATABASE\",\n    partitionKeys           = [\"year\", \"month\", \"day\", \"hour\"],\n    compression             = \"snappy\",\n    enableUpdateCatalog     = True,\n    transformation_ctx      = \"write_parquet\"\n)\n\nsink.setCatalogInfo(\n    catalogDatabase = args['GLUE_DATABASE'],\n    catalogTableName = \"telemetry_events_parquet\"\n)\nsink.setFormat(\"glueparquet\")\nsink.writeFrame(dyf_out)\njob.commit()\n",
            "content_base64": null,
            "content_disposition": "",
            "content_encoding": "",
            "content_language": "",
            "content_type": "application/octet-stream",
            "etag": "771ed0c581082316f689fd7843ff0e0b",
            "force_destroy": false,
            "id": "glue-scripts/json_to_parquet.py",
            "key": "glue-scripts/json_to_parquet.py",
            "kms_key_id": null,
            "metadata": {},
            "object_lock_legal_hold_status": "",
            "object_lock_mode": "",
            "object_lock_retain_until_date": "",
            "override_provider": [],
            "server_side_encryption": "AES256",
            "source": null,
            "source_hash": null,
            "storage_class": "STANDARD",
            "tags": {
              "Environment": "dev",
              "ManagedBy": "terraform",
              "Project": "rhythmcloud",
              "Repository": "Cloud-Based-Remote-Patient-Monitoring-Platform---AWS-Serverless-Project"
            },
            "tags_all": {
              "Environment": "dev",
              "ManagedBy": "terraform",
              "Project": "rhythmcloud",
              "Repository": "Cloud-Based-Remote-Patient-Monitoring-Platform---AWS-Serverless-Project"
            },
            "version_id": "hBkfHpnGZefPJTUjeOsZ0jV.zqUM4kRu",
            "website_redirect": ""
          },
          "sensitive_attributes": [],
          "identity_schema_version": 0,
          "private": "bnVsbA=="
        }
      ]
    }
  ],
  "check_results": [
    {
      "object_kind": "var",
      "config_addr": "var.environment",
      "status": "pass",
      "objects": [
        {
          "object_addr": "var.environment",
          "status": "pass"
        }
      ]
    }
  ]
}
